
Microsoft Visual Studio Solution File, Format Version 12.00
# Visual Studio Version 16
VisualStudioVersion = 16.0.30503.244
MinimumVisualStudioVersion = 10.0.40219.1
Project("{9A19103F-16F7-4668-BE54-9A1E7A4F7556}") = "Entities", "Entities\Entities.csproj", "{8C1B118E-3870-4DAA-A9B7-935A6668A855}"
EndProject
Project("{9A19103F-16F7-4668-BE54-9A1E7A4F7556}") = "DataAccess", "DataAccess\DataAccess.csproj", "{435C5332-28F4-4BAD-90BE-0055136CA839}"
EndProject
Project("{9A19103F-16F7-4668-BE54-9A1E7A4F7556}") = "Business", "Business\Business.csproj", "{36E4B022-2F52-4BD5-8219-DDE8EF0C565B}"
EndProject
Project("{9A19103F-16F7-4668-BE54-9A1E7A4F7556}") = "ConsoleUI", "ConsoleUI\ConsoleUI.csproj", "{6C69001F-69BF-44F3-BA77-D3136EDA1873}"
EndProject
Project("{9A19103F-16F7-4668-BE54-9A1E7A4F7556}") = "Core", "Core\Core.csproj", "{A0CBCD0F-B97C-412D-9C63-558BD6BAF5FC}"
EndProject
Project("{FAE04EC0-301F-11D3-BF4B-00C04F79EFBC}") = "WebAPI", "WebAPI\WebAPI.csproj", "{D9BA8BF2-F946-46E5-A3C0-8F1D0D1CC08D}"
EndProject
Global
	GlobalSection(SolutionConfigurationPlatforms) = preSolution
		Debug|Any CPU = Debug|Any CPU
		Release|Any CPU = Release|Any CPU
	EndGlobalSection
	GlobalSection(ProjectConfigurationPlatforms) = postSolution
		{8C1B118E-3870-4DAA-A9B7-935A6668A855}.Debug|Any CPU.ActiveCfg = Debug|Any CPU
		{8C1B118E-3870-4DAA-A9B7-935A6668A855}.Debug|Any CPU.Build.0 = Debug|Any CPU
		{8C1B118E-3870-4DAA-A9B7-935A6668A855}.Release|Any CPU.ActiveCfg = Release|Any CPU
		{8C1B118E-3870-4DAA-A9B7-935A6668A855}.Release|Any CPU.Build.0 = Release|Any CPU
		{435C5332-28F4-4BAD-90BE-0055136CA839}.Debug|Any CPU.ActiveCfg = Debug|Any CPU
		{435C5332-28F4-4BAD-90BE-0055136CA839}.Debug|Any CPU.Build.0 = Debug|Any CPU
		{435C5332-28F4-4BAD-90BE-0055136CA839}.Release|Any CPU.ActiveCfg = Release|Any CPU
		{435C5332-28F4-4BAD-90BE-0055136CA839}.Release|Any CPU.Build.0 = Release|Any CPU
		{36E4B022-2F52-4BD5-8219-DDE8EF0C565B}.Debug|Any CPU.ActiveCfg = Debug|Any CPU
		{36E4B022-2F52-4BD5-8219-DDE8EF0C565B}.Debug|Any CPU.Build.0 = Debug|Any CPU
		{36E4B022-2F52-4BD5-8219-DDE8EF0C565B}.Release|Any CPU.ActiveCfg = Release|Any CPU
		{36E4B022-2F52-4BD5-8219-DDE8EF0C565B}.Release|Any CPU.Build.0 = Release|Any CPU
		{6C69001F-69BF-44F3-BA77-D3136EDA1873}.Debug|Any CPU.ActiveCfg = Debug|Any CPU
		{6C69001F-69BF-44F3-BA77-D3136EDA1873}.Debug|Any CPU.Build.0 = Debug|Any CPU
		{6C69001F-69BF-44F3-BA77-D3136EDA1873}.Release|Any CPU.ActiveCfg = Release|Any CPU
		{6C69001F-69BF-44F3-BA77-D3136EDA1873}.Release|Any CPU.Build.0 = Release|Any CPU
		{A0CBCD0F-B97C-412D-9C63-558BD6BAF5FC}.Debug|Any CPU.ActiveCfg = Debug|Any CPU
		{A0CBCD0F-B97C-412D-9C63-558BD6BAF5FC}.Debug|Any CPU.Build.0 = Debug|Any CPU
		{A0CBCD0F-B97C-412D-9C63-558BD6BAF5FC}.Release|Any CPU.ActiveCfg = Release|Any CPU
		{A0CBCD0F-B97C-412D-9C63-558BD6BAF5FC}.Release|Any CPU.Build.0 = Release|Any CPU
		{D9BA8BF2-F946-46E5-A3C0-8F1D0D1CC08D}.Debug|Any CPU.ActiveCfg = Debug|Any CPU
		{D9BA8BF2-F946-46E5-A3C0-8F1D0D1CC08D}.Debug|Any CPU.Build.0 = Debug|Any CPU
		{D9BA8BF2-F946-46E5-A3C0-8F1D0D1CC08D}.Release|Any CPU.ActiveCfg = Release|Any CPU
		{D9BA8BF2-F946-46E5-A3C0-8F1D0D1CC08D}.Release|Any CPU.Build.0 = Release|Any CPU
	EndGlobalSection
	GlobalSection(SolutionProperties) = preSolution
		HideSolutionNode = FALSE
	EndGlobalSection
	GlobalSection(ExtensibilityGlobals) = postSolution
		SolutionGuid = {4802E9F5-51D3-4761-B18C-55DE59C37A45}
	EndGlobalSection
EndGlobal
